
Microsoft Visual Studio Solution File, Format Version 12.00
# Visual Studio Version 17
VisualStudioVersion = 17.4.33213.308
MinimumVisualStudioVersion = 10.0.40219.1
Project("{9A19103F-16F7-4668-BE54-9A1E7A4F7556}") = "RHLauncher", "RHLauncher.csproj", "{B6A96372-24D9-4667-9995-537D65AF2EEB}"
EndProject
Global
	GlobalSection(SolutionConfigurationPlatforms) = preSolution
		Debug|Any CPU = Debug|Any CPU
		Release|Any CPU = Release|Any CPU
	EndGlobalSection
	GlobalSection(ProjectConfigurationPlatforms) = postSolution
		{B6A96372-24D9-4667-9995-537D65AF2EEB}.Debug|Any CPU.ActiveCfg = Debug|Any CPU
		{B6A96372-24D9-4667-9995-537D65AF2EEB}.Debug|Any CPU.Build.0 = Debug|Any CPU
		{B6A96372-24D9-4667-9995-537D65AF2EEB}.Release|Any CPU.ActiveCfg = Release|Any CPU
		{B6A96372-24D9-4667-9995-537D65AF2EEB}.Release|Any CPU.Build.0 = Release|Any CPU
	EndGlobalSection
	GlobalSection(SolutionProperties) = preSolution
		HideSolutionNode = FALSE
	EndGlobalSection
	GlobalSection(ExtensibilityGlobals) = postSolution
		SolutionGuid = {BB3F3BCB-8255-4BF7-ADBE-2480A82FB80A}
	EndGlobalSection
EndGlobal
